
Microsoft Visual Studio Solution File, Format Version 12.00
# Visual Studio 15
VisualStudioVersion = 15.0.26430.16
MinimumVisualStudioVersion = 10.0.40219.1
Project("{FAE04EC0-301F-11D3-BF4B-00C04F79EFBC}") = "Uvodni", "ConsoleApp1\Uvodni.csproj", "{31F30331-D9D7-4529-9C4C-B096F2654F21}"
EndProject
Project("{FAE04EC0-301F-11D3-BF4B-00C04F79EFBC}") = "Zbroj", "Zbroj\Zbroj.csproj", "{F5BB3841-E0F6-4B76-997F-75977E9F311A}"
EndProject
Project("{2150E333-8FDC-42A3-9474-1A3956D46DE8}") = "4.1_Uvod", "4.1_Uvod", "{47C8FBEF-DEB9-4DE0-AB74-674523F2EF1B}"
EndProject
Project("{FAE04EC0-301F-11D3-BF4B-00C04F79EFBC}") = "Hello", "Hello\Hello.csproj", "{EC837AF1-10C5-46BD-8DA5-8D31482A1705}"
EndProject
Project("{FAE04EC0-301F-11D3-BF4B-00C04F79EFBC}") = "IspisBrojeva", "IspisBrojeva\IspisBrojeva.csproj", "{EF9C997E-EF63-48D3-8AF2-403AFAFFB0D1}"
EndProject
Project("{FAE04EC0-301F-11D3-BF4B-00C04F79EFBC}") = "temperatura", "temperatura\temperatura.csproj", "{5F9CF5D8-72EF-4BD8-B1AF-2C59C84AC98E}"
EndProject
Project("{2150E333-8FDC-42A3-9474-1A3956D46DE8}") = "5.1_varijable", "5.1_varijable", "{9FE82CE9-44BA-4B35-9A4C-672A12E57305}"
EndProject
Project("{FAE04EC0-301F-11D3-BF4B-00C04F79EFBC}") = "zbroj_razlika", "zbroj_razlika\zbroj_razlika.csproj", "{6DAF971B-2BDA-48A3-A50A-F9E339A7DDED}"
EndProject
Project("{2150E333-8FDC-42A3-9474-1A3956D46DE8}") = "5.2_uvjetno_granjanje", "5.2_uvjetno_granjanje", "{060BBB5B-D87C-4507-B639-1CEBBD0FC2E4}"
EndProject
Project("{FAE04EC0-301F-11D3-BF4B-00C04F79EFBC}") = "pozitivan_i_negativan_broj", "pozitivan_i_negativan_broj\pozitivan_i_negativan_broj.csproj", "{2094E644-25D7-4277-9205-B2FA568277B2}"
EndProject
Project("{FAE04EC0-301F-11D3-BF4B-00C04F79EFBC}") = "5.2.1.2_pozitivan", "5.2.1.2_pozitivan\5.2.1.2_pozitivan.csproj", "{7F3D75A6-8698-45CF-B344-3547CC12FAF2}"
EndProject
Project("{FAE04EC0-301F-11D3-BF4B-00C04F79EFBC}") = "5.2.2_switch", "5.2.2_switch\5.2.2_switch.csproj", "{697EEA83-4F42-438D-A6AB-94DC83B5886D}"
EndProject
Project("{FAE04EC0-301F-11D3-BF4B-00C04F79EFBC}") = "5.2.3_exception", "5.2.3_exception\5.2.3_exception.csproj", "{AE361D92-713A-42C2-8BBA-2D6922BCFEEF}"
EndProject
Project("{FAE04EC0-301F-11D3-BF4B-00C04F79EFBC}") = "5.2.4.2_primjer_direktor", "5.2.4.2_primjer_direktor\5.2.4.2_primjer_direktor.csproj", "{E8D0F2A9-7CF7-49A4-91DA-09DB323ADEEB}"
EndProject
Project("{FAE04EC0-301F-11D3-BF4B-00C04F79EFBC}") = "zadatak_5.2.3_Veliki_broj", "zadatak_5.2.3_Veliki_broj\zadatak_5.2.3_Veliki_broj.csproj", "{45E820C5-87C3-4B9B-BE6C-A9ADC5B327C6}"
EndProject
Project("{FAE04EC0-301F-11D3-BF4B-00C04F79EFBC}") = "zadatak_5.2.4_x_znamenkasti_broj", "zadatak_5.2.4_x_znamenkasti_broj\zadatak_5.2.4_x_znamenkasti_broj.csproj", "{BA692E28-FA1E-42A8-AFAC-2D78E4B81441}"
EndProject
Project("{FAE04EC0-301F-11D3-BF4B-00C04F79EFBC}") = "zadatak_5.2.5_u_intervalu", "zadatak_5.2.5_u_intervalu\zadatak_5.2.5_u_intervalu.csproj", "{5C809FD5-8936-4614-9656-1E9C161761C4}"
EndProject
Global
	GlobalSection(SolutionConfigurationPlatforms) = preSolution
		Debug|Any CPU = Debug|Any CPU
		Release|Any CPU = Release|Any CPU
	EndGlobalSection
	GlobalSection(ProjectConfigurationPlatforms) = postSolution
		{31F30331-D9D7-4529-9C4C-B096F2654F21}.Debug|Any CPU.ActiveCfg = Debug|Any CPU
		{31F30331-D9D7-4529-9C4C-B096F2654F21}.Debug|Any CPU.Build.0 = Debug|Any CPU
		{31F30331-D9D7-4529-9C4C-B096F2654F21}.Release|Any CPU.ActiveCfg = Release|Any CPU
		{31F30331-D9D7-4529-9C4C-B096F2654F21}.Release|Any CPU.Build.0 = Release|Any CPU
		{F5BB3841-E0F6-4B76-997F-75977E9F311A}.Debug|Any CPU.ActiveCfg = Debug|Any CPU
		{F5BB3841-E0F6-4B76-997F-75977E9F311A}.Debug|Any CPU.Build.0 = Debug|Any CPU
		{F5BB3841-E0F6-4B76-997F-75977E9F311A}.Release|Any CPU.ActiveCfg = Release|Any CPU
		{F5BB3841-E0F6-4B76-997F-75977E9F311A}.Release|Any CPU.Build.0 = Release|Any CPU
		{EC837AF1-10C5-46BD-8DA5-8D31482A1705}.Debug|Any CPU.ActiveCfg = Debug|Any CPU
		{EC837AF1-10C5-46BD-8DA5-8D31482A1705}.Debug|Any CPU.Build.0 = Debug|Any CPU
		{EC837AF1-10C5-46BD-8DA5-8D31482A1705}.Release|Any CPU.ActiveCfg = Release|Any CPU
		{EC837AF1-10C5-46BD-8DA5-8D31482A1705}.Release|Any CPU.Build.0 = Release|Any CPU
		{EF9C997E-EF63-48D3-8AF2-403AFAFFB0D1}.Debug|Any CPU.ActiveCfg = Debug|Any CPU
		{EF9C997E-EF63-48D3-8AF2-403AFAFFB0D1}.Debug|Any CPU.Build.0 = Debug|Any CPU
		{EF9C997E-EF63-48D3-8AF2-403AFAFFB0D1}.Release|Any CPU.ActiveCfg = Release|Any CPU
		{EF9C997E-EF63-48D3-8AF2-403AFAFFB0D1}.Release|Any CPU.Build.0 = Release|Any CPU
		{5F9CF5D8-72EF-4BD8-B1AF-2C59C84AC98E}.Debug|Any CPU.ActiveCfg = Debug|Any CPU
		{5F9CF5D8-72EF-4BD8-B1AF-2C59C84AC98E}.Debug|Any CPU.Build.0 = Debug|Any CPU
		{5F9CF5D8-72EF-4BD8-B1AF-2C59C84AC98E}.Release|Any CPU.ActiveCfg = Release|Any CPU
		{5F9CF5D8-72EF-4BD8-B1AF-2C59C84AC98E}.Release|Any CPU.Build.0 = Release|Any CPU
		{6DAF971B-2BDA-48A3-A50A-F9E339A7DDED}.Debug|Any CPU.ActiveCfg = Debug|Any CPU
		{6DAF971B-2BDA-48A3-A50A-F9E339A7DDED}.Debug|Any CPU.Build.0 = Debug|Any CPU
		{6DAF971B-2BDA-48A3-A50A-F9E339A7DDED}.Release|Any CPU.ActiveCfg = Release|Any CPU
		{6DAF971B-2BDA-48A3-A50A-F9E339A7DDED}.Release|Any CPU.Build.0 = Release|Any CPU
		{2094E644-25D7-4277-9205-B2FA568277B2}.Debug|Any CPU.ActiveCfg = Debug|Any CPU
		{2094E644-25D7-4277-9205-B2FA568277B2}.Debug|Any CPU.Build.0 = Debug|Any CPU
		{2094E644-25D7-4277-9205-B2FA568277B2}.Release|Any CPU.ActiveCfg = Release|Any CPU
		{2094E644-25D7-4277-9205-B2FA568277B2}.Release|Any CPU.Build.0 = Release|Any CPU
		{7F3D75A6-8698-45CF-B344-3547CC12FAF2}.Debug|Any CPU.ActiveCfg = Debug|Any CPU
		{7F3D75A6-8698-45CF-B344-3547CC12FAF2}.Debug|Any CPU.Build.0 = Debug|Any CPU
		{7F3D75A6-8698-45CF-B344-3547CC12FAF2}.Release|Any CPU.ActiveCfg = Release|Any CPU
		{7F3D75A6-8698-45CF-B344-3547CC12FAF2}.Release|Any CPU.Build.0 = Release|Any CPU
		{697EEA83-4F42-438D-A6AB-94DC83B5886D}.Debug|Any CPU.ActiveCfg = Debug|Any CPU
		{697EEA83-4F42-438D-A6AB-94DC83B5886D}.Debug|Any CPU.Build.0 = Debug|Any CPU
		{697EEA83-4F42-438D-A6AB-94DC83B5886D}.Release|Any CPU.ActiveCfg = Release|Any CPU
		{697EEA83-4F42-438D-A6AB-94DC83B5886D}.Release|Any CPU.Build.0 = Release|Any CPU
		{AE361D92-713A-42C2-8BBA-2D6922BCFEEF}.Debug|Any CPU.ActiveCfg = Debug|Any CPU
		{AE361D92-713A-42C2-8BBA-2D6922BCFEEF}.Debug|Any CPU.Build.0 = Debug|Any CPU
		{AE361D92-713A-42C2-8BBA-2D6922BCFEEF}.Release|Any CPU.ActiveCfg = Release|Any CPU
		{AE361D92-713A-42C2-8BBA-2D6922BCFEEF}.Release|Any CPU.Build.0 = Release|Any CPU
		{E8D0F2A9-7CF7-49A4-91DA-09DB323ADEEB}.Debug|Any CPU.ActiveCfg = Debug|Any CPU
		{E8D0F2A9-7CF7-49A4-91DA-09DB323ADEEB}.Debug|Any CPU.Build.0 = Debug|Any CPU
		{E8D0F2A9-7CF7-49A4-91DA-09DB323ADEEB}.Release|Any CPU.ActiveCfg = Release|Any CPU
		{E8D0F2A9-7CF7-49A4-91DA-09DB323ADEEB}.Release|Any CPU.Build.0 = Release|Any CPU
		{45E820C5-87C3-4B9B-BE6C-A9ADC5B327C6}.Debug|Any CPU.ActiveCfg = Debug|Any CPU
		{45E820C5-87C3-4B9B-BE6C-A9ADC5B327C6}.Debug|Any CPU.Build.0 = Debug|Any CPU
		{45E820C5-87C3-4B9B-BE6C-A9ADC5B327C6}.Release|Any CPU.ActiveCfg = Release|Any CPU
		{45E820C5-87C3-4B9B-BE6C-A9ADC5B327C6}.Release|Any CPU.Build.0 = Release|Any CPU
		{BA692E28-FA1E-42A8-AFAC-2D78E4B81441}.Debug|Any CPU.ActiveCfg = Debug|Any CPU
		{BA692E28-FA1E-42A8-AFAC-2D78E4B81441}.Debug|Any CPU.Build.0 = Debug|Any CPU
		{BA692E28-FA1E-42A8-AFAC-2D78E4B81441}.Release|Any CPU.ActiveCfg = Release|Any CPU
		{BA692E28-FA1E-42A8-AFAC-2D78E4B81441}.Release|Any CPU.Build.0 = Release|Any CPU
		{5C809FD5-8936-4614-9656-1E9C161761C4}.Debug|Any CPU.ActiveCfg = Debug|Any CPU
		{5C809FD5-8936-4614-9656-1E9C161761C4}.Debug|Any CPU.Build.0 = Debug|Any CPU
		{5C809FD5-8936-4614-9656-1E9C161761C4}.Release|Any CPU.ActiveCfg = Release|Any CPU
		{5C809FD5-8936-4614-9656-1E9C161761C4}.Release|Any CPU.Build.0 = Release|Any CPU
	EndGlobalSection
	GlobalSection(SolutionProperties) = preSolution
		HideSolutionNode = FALSE
	EndGlobalSection
	GlobalSection(NestedProjects) = preSolution
		{EC837AF1-10C5-46BD-8DA5-8D31482A1705} = {47C8FBEF-DEB9-4DE0-AB74-674523F2EF1B}
		{EF9C997E-EF63-48D3-8AF2-403AFAFFB0D1} = {47C8FBEF-DEB9-4DE0-AB74-674523F2EF1B}
		{5F9CF5D8-72EF-4BD8-B1AF-2C59C84AC98E} = {47C8FBEF-DEB9-4DE0-AB74-674523F2EF1B}
		{6DAF971B-2BDA-48A3-A50A-F9E339A7DDED} = {9FE82CE9-44BA-4B35-9A4C-672A12E57305}
		{2094E644-25D7-4277-9205-B2FA568277B2} = {060BBB5B-D87C-4507-B639-1CEBBD0FC2E4}
		{7F3D75A6-8698-45CF-B344-3547CC12FAF2} = {060BBB5B-D87C-4507-B639-1CEBBD0FC2E4}
		{697EEA83-4F42-438D-A6AB-94DC83B5886D} = {060BBB5B-D87C-4507-B639-1CEBBD0FC2E4}
		{AE361D92-713A-42C2-8BBA-2D6922BCFEEF} = {060BBB5B-D87C-4507-B639-1CEBBD0FC2E4}
		{E8D0F2A9-7CF7-49A4-91DA-09DB323ADEEB} = {060BBB5B-D87C-4507-B639-1CEBBD0FC2E4}
		{45E820C5-87C3-4B9B-BE6C-A9ADC5B327C6} = {060BBB5B-D87C-4507-B639-1CEBBD0FC2E4}
		{BA692E28-FA1E-42A8-AFAC-2D78E4B81441} = {060BBB5B-D87C-4507-B639-1CEBBD0FC2E4}
		{5C809FD5-8936-4614-9656-1E9C161761C4} = {060BBB5B-D87C-4507-B639-1CEBBD0FC2E4}
	EndGlobalSection
EndGlobal
