
Microsoft Visual Studio Solution File, Format Version 12.00
# Visual Studio 15
VisualStudioVersion = 15.0.26430.16
MinimumVisualStudioVersion = 10.0.40219.1
Project("{FAE04EC0-301F-11D3-BF4B-00C04F79EFBC}") = "Uvodni", "ConsoleApp1\Uvodni.csproj", "{31F30331-D9D7-4529-9C4C-B096F2654F21}"
EndProject
Project("{FAE04EC0-301F-11D3-BF4B-00C04F79EFBC}") = "Zbroj", "Zbroj\Zbroj.csproj", "{F5BB3841-E0F6-4B76-997F-75977E9F311A}"
EndProject
Project("{2150E333-8FDC-42A3-9474-1A3956D46DE8}") = "4.1_Uvod", "4.1_Uvod", "{47C8FBEF-DEB9-4DE0-AB74-674523F2EF1B}"
EndProject
Project("{FAE04EC0-301F-11D3-BF4B-00C04F79EFBC}") = "Hello", "Hello\Hello.csproj", "{EC837AF1-10C5-46BD-8DA5-8D31482A1705}"
EndProject
Project("{FAE04EC0-301F-11D3-BF4B-00C04F79EFBC}") = "IspisBrojeva", "IspisBrojeva\IspisBrojeva.csproj", "{EF9C997E-EF63-48D3-8AF2-403AFAFFB0D1}"
EndProject
Project("{FAE04EC0-301F-11D3-BF4B-00C04F79EFBC}") = "temperatura", "temperatura\temperatura.csproj", "{5F9CF5D8-72EF-4BD8-B1AF-2C59C84AC98E}"
EndProject
Project("{2150E333-8FDC-42A3-9474-1A3956D46DE8}") = "5.1_varijable", "5.1_varijable", "{9FE82CE9-44BA-4B35-9A4C-672A12E57305}"
EndProject
Project("{FAE04EC0-301F-11D3-BF4B-00C04F79EFBC}") = "zbroj_razlika", "zbroj_razlika\zbroj_razlika.csproj", "{6DAF971B-2BDA-48A3-A50A-F9E339A7DDED}"
EndProject
Project("{2150E333-8FDC-42A3-9474-1A3956D46DE8}") = "5.2_uvjetno_granjanje", "5.2_uvjetno_granjanje", "{060BBB5B-D87C-4507-B639-1CEBBD0FC2E4}"
EndProject
Project("{FAE04EC0-301F-11D3-BF4B-00C04F79EFBC}") = "pozitivan_i_negativan_broj", "pozitivan_i_negativan_broj\pozitivan_i_negativan_broj.csproj", "{2094E644-25D7-4277-9205-B2FA568277B2}"
EndProject
Project("{FAE04EC0-301F-11D3-BF4B-00C04F79EFBC}") = "5.2.1.2_pozitivan", "5.2.1.2_pozitivan\5.2.1.2_pozitivan.csproj", "{7F3D75A6-8698-45CF-B344-3547CC12FAF2}"
EndProject
Project("{FAE04EC0-301F-11D3-BF4B-00C04F79EFBC}") = "5.2.2_switch", "5.2.2_switch\5.2.2_switch.csproj", "{697EEA83-4F42-438D-A6AB-94DC83B5886D}"
EndProject
Project("{FAE04EC0-301F-11D3-BF4B-00C04F79EFBC}") = "5.2.3_exception", "5.2.3_exception\5.2.3_exception.csproj", "{AE361D92-713A-42C2-8BBA-2D6922BCFEEF}"
EndProject
Project("{FAE04EC0-301F-11D3-BF4B-00C04F79EFBC}") = "5.2.4.2_primjer_direktor", "5.2.4.2_primjer_direktor\5.2.4.2_primjer_direktor.csproj", "{E8D0F2A9-7CF7-49A4-91DA-09DB323ADEEB}"
EndProject
Project("{FAE04EC0-301F-11D3-BF4B-00C04F79EFBC}") = "zadatak_5.2.3_Veliki_broj", "zadatak_5.2.3_Veliki_broj\zadatak_5.2.3_Veliki_broj.csproj", "{45E820C5-87C3-4B9B-BE6C-A9ADC5B327C6}"
EndProject
Project("{FAE04EC0-301F-11D3-BF4B-00C04F79EFBC}") = "zadatak_5.2.4_x_znamenkasti_broj", "zadatak_5.2.4_x_znamenkasti_broj\zadatak_5.2.4_x_znamenkasti_broj.csproj", "{BA692E28-FA1E-42A8-AFAC-2D78E4B81441}"
EndProject
Project("{FAE04EC0-301F-11D3-BF4B-00C04F79EFBC}") = "zadatak_5.2.5_u_intervalu", "zadatak_5.2.5_u_intervalu\zadatak_5.2.5_u_intervalu.csproj", "{5C809FD5-8936-4614-9656-1E9C161761C4}"
EndProject
Project("{FAE04EC0-301F-11D3-BF4B-00C04F79EFBC}") = "zadatak_5.2.6_dobar_broj_1", "zadatak_5.2.6_dobar_broj_1\zadatak_5.2.6_dobar_broj_1.csproj", "{8B98D937-B65E-4900-82B0-A4F06D6E7476}"
EndProject
Project("{FAE04EC0-301F-11D3-BF4B-00C04F79EFBC}") = "zadatak5.2.7_dobar_broj_2", "zadatak5.2.7_dobar_broj_2\zadatak5.2.7_dobar_broj_2.csproj", "{365A7342-73FA-45B6-AF5E-33A4475E6D89}"
EndProject
Project("{FAE04EC0-301F-11D3-BF4B-00C04F79EFBC}") = "zadatak5.2.9_cjelobrojno_djeljenje", "zadatak5.2.9_cjelobrojno_djeljenje\zadatak5.2.9_cjelobrojno_djeljenje.csproj", "{7BCF8D2C-02B8-442B-B9DF-1A38EF2CC1BD}"
EndProject
Project("{2150E333-8FDC-42A3-9474-1A3956D46DE8}") = "5.3_ciklicke_petlje", "5.3_ciklicke_petlje", "{B7ADAFB4-4FD8-471D-A26A-8C72AAEFA86E}"
EndProject
Project("{FAE04EC0-301F-11D3-BF4B-00C04F79EFBC}") = "Petlje_primjeri_for", "Petlje_primjeri\Petlje_primjeri_for.csproj", "{D99DF337-139D-4039-8DF5-884D8F516831}"
EndProject
Project("{FAE04EC0-301F-11D3-BF4B-00C04F79EFBC}") = "Primjer_petlje_while", "Primjer_petlje_while\Primjer_petlje_while.csproj", "{A5DB0290-52D7-4110-8BAD-B25F6087E631}"
EndProject
Project("{FAE04EC0-301F-11D3-BF4B-00C04F79EFBC}") = "zadatak5.3.1_neparni_do_20", "zadatak5.3.1_neparni_do_20\zadatak5.3.1_neparni_do_20.csproj", "{3F95CF71-8CFF-40B1-B32E-73E65566F237}"
EndProject
Project("{FAE04EC0-301F-11D3-BF4B-00C04F79EFBC}") = "zadatak5.3.4_faktorijel", "zadatak5.3.4_faktorijel\zadatak5.3.4_faktorijel.csproj", "{6C6C30DA-1D5A-4FBC-87C2-E56A602FCD3B}"
EndProject
Project("{FAE04EC0-301F-11D3-BF4B-00C04F79EFBC}") = "zadatak5.3.5_djeljivi_sa_3", "zadatak5.3.5_djeljivi_sa_3\zadatak5.3.5_djeljivi_sa_3.csproj", "{B3CF0F66-6FF2-4024-8CB1-359ED691256C}"
EndProject
Project("{FAE04EC0-301F-11D3-BF4B-00C04F79EFBC}") = "zadatak5.3.7_7_3_ispis", "zadatak5.3.7_7_3_ispis\zadatak5.3.7_7_3_ispis.csproj", "{DDCCB217-939C-4E8C-9C18-3C5BCEB95676}"
EndProject
Project("{FAE04EC0-301F-11D3-BF4B-00C04F79EFBC}") = "zadatak5.3.9_djeljitelji", "zadatak5.3.9_djeljitelji\zadatak5.3.9_djeljitelji.csproj", "{3FC80168-7489-4B8C-B8B3-5F8196F40F59}"
EndProject
Project("{FAE04EC0-301F-11D3-BF4B-00C04F79EFBC}") = "zadatak5.3.11_savrseni_brojevi", "zadatak5.3.11_savrseni_brojevi\zadatak5.3.11_savrseni_brojevi.csproj", "{ED4BC764-D6C0-4F2A-AD54-8915E3133078}"
EndProject
Project("{FAE04EC0-301F-11D3-BF4B-00C04F79EFBC}") = "zadatak5.3.13_min_max", "zadatak5.3.13_min_max\zadatak5.3.13_min_max.csproj", "{677735DE-2F48-4DA2-9CD5-57C3DF90A9BF}"
EndProject
Project("{FAE04EC0-301F-11D3-BF4B-00C04F79EFBC}") = "zadaca5.3.8_7_3_koliko", "zadaca5.3.8_7_3_koliko\zadaca5.3.8_7_3_koliko.csproj", "{D19B65A9-95F2-4DCC-879E-DB5E7B64CC82}"
EndProject
Project("{2150E333-8FDC-42A3-9474-1A3956D46DE8}") = "zadaca", "zadaca", "{7DFEFF57-3718-4DD0-815B-2803142DEB20}"
EndProject
Project("{FAE04EC0-301F-11D3-BF4B-00C04F79EFBC}") = "5.3.8_7_3_koliko", "5.3.8_7_3_koliko\5.3.8_7_3_koliko.csproj", "{0B7D1E68-9607-45C1-A8F0-23CC625BBC7F}"
EndProject
Project("{FAE04EC0-301F-11D3-BF4B-00C04F79EFBC}") = "5.3.10_savrsen_broj", "5.3.10_savrsen_broj\5.3.10_savrsen_broj.csproj", "{7EB286ED-1FC2-44FB-BE8F-4E6BCA64FC8C}"
EndProject
Project("{FAE04EC0-301F-11D3-BF4B-00C04F79EFBC}") = "5.3.12_suma_i_prosjek", "5.3.12_suma_i_prosjek\5.3.12_suma_i_prosjek.csproj", "{668D1173-1E21-4E7D-AB5C-CFDA8EA2CE40}"
EndProject
Project("{FAE04EC0-301F-11D3-BF4B-00C04F79EFBC}") = "5.3.14_neparni_brojevi", "5.3.14_neparni_brojevi\5.3.14_neparni_brojevi.csproj", "{9464E215-4E88-4C77-8C19-EE03C0048E99}"
EndProject
Project("{FAE04EC0-301F-11D3-BF4B-00C04F79EFBC}") = "5.3.16_potencije_1", "5.3.16_potencije_1\5.3.16_potencije_1.csproj", "{C564BD11-715C-488C-9BE5-7139EC8641BA}"
EndProject
Project("{FAE04EC0-301F-11D3-BF4B-00C04F79EFBC}") = "5.3.18_unos_ocjene", "5.3.18_unos_ocjene\5.3.18_unos_ocjene.csproj", "{272B135A-A4B0-4FC2-8730-85F327607507}"
EndProject
Project("{FAE04EC0-301F-11D3-BF4B-00C04F79EFBC}") = "5.3.20_par_nepar", "5.3.20_par_nepar\5.3.20_par_nepar.csproj", "{F10C3FDE-2F5F-491D-B9A5-F669E0C0551A}"
EndProject
Project("{FAE04EC0-301F-11D3-BF4B-00C04F79EFBC}") = "5.3.22_kalkulator_2", "5.3.22_kalkulator_2\5.3.22_kalkulator_2.csproj", "{D03DEBF2-D9AC-4100-9764-AE6909E384BD}"
EndProject
Project("{2150E333-8FDC-42A3-9474-1A3956D46DE8}") = "6.1_nizovi", "6.1_nizovi", "{5A0B638C-D049-4E94-A57A-E9F8CC2490E3}"
EndProject
Project("{FAE04EC0-301F-11D3-BF4B-00C04F79EFBC}") = "6.1.1_primjer", "6.1.1_primjer\6.1.1_primjer.csproj", "{CE668E47-F40F-4D47-B798-A8D17426AA95}"
EndProject
Project("{FAE04EC0-301F-11D3-BF4B-00C04F79EFBC}") = "6.2.1.1_arraylist", "6.2.1.1_arraylist\6.2.1.1_arraylist.csproj", "{50AAC063-CF20-4D3D-A0BE-7FFEA0604709}"
EndProject
Global
	GlobalSection(SolutionConfigurationPlatforms) = preSolution
		Debug|Any CPU = Debug|Any CPU
		Release|Any CPU = Release|Any CPU
	EndGlobalSection
	GlobalSection(ProjectConfigurationPlatforms) = postSolution
		{31F30331-D9D7-4529-9C4C-B096F2654F21}.Debug|Any CPU.ActiveCfg = Debug|Any CPU
		{31F30331-D9D7-4529-9C4C-B096F2654F21}.Debug|Any CPU.Build.0 = Debug|Any CPU
		{31F30331-D9D7-4529-9C4C-B096F2654F21}.Release|Any CPU.ActiveCfg = Release|Any CPU
		{31F30331-D9D7-4529-9C4C-B096F2654F21}.Release|Any CPU.Build.0 = Release|Any CPU
		{F5BB3841-E0F6-4B76-997F-75977E9F311A}.Debug|Any CPU.ActiveCfg = Debug|Any CPU
		{F5BB3841-E0F6-4B76-997F-75977E9F311A}.Debug|Any CPU.Build.0 = Debug|Any CPU
		{F5BB3841-E0F6-4B76-997F-75977E9F311A}.Release|Any CPU.ActiveCfg = Release|Any CPU
		{F5BB3841-E0F6-4B76-997F-75977E9F311A}.Release|Any CPU.Build.0 = Release|Any CPU
		{EC837AF1-10C5-46BD-8DA5-8D31482A1705}.Debug|Any CPU.ActiveCfg = Debug|Any CPU
		{EC837AF1-10C5-46BD-8DA5-8D31482A1705}.Debug|Any CPU.Build.0 = Debug|Any CPU
		{EC837AF1-10C5-46BD-8DA5-8D31482A1705}.Release|Any CPU.ActiveCfg = Release|Any CPU
		{EC837AF1-10C5-46BD-8DA5-8D31482A1705}.Release|Any CPU.Build.0 = Release|Any CPU
		{EF9C997E-EF63-48D3-8AF2-403AFAFFB0D1}.Debug|Any CPU.ActiveCfg = Debug|Any CPU
		{EF9C997E-EF63-48D3-8AF2-403AFAFFB0D1}.Debug|Any CPU.Build.0 = Debug|Any CPU
		{EF9C997E-EF63-48D3-8AF2-403AFAFFB0D1}.Release|Any CPU.ActiveCfg = Release|Any CPU
		{EF9C997E-EF63-48D3-8AF2-403AFAFFB0D1}.Release|Any CPU.Build.0 = Release|Any CPU
		{5F9CF5D8-72EF-4BD8-B1AF-2C59C84AC98E}.Debug|Any CPU.ActiveCfg = Debug|Any CPU
		{5F9CF5D8-72EF-4BD8-B1AF-2C59C84AC98E}.Debug|Any CPU.Build.0 = Debug|Any CPU
		{5F9CF5D8-72EF-4BD8-B1AF-2C59C84AC98E}.Release|Any CPU.ActiveCfg = Release|Any CPU
		{5F9CF5D8-72EF-4BD8-B1AF-2C59C84AC98E}.Release|Any CPU.Build.0 = Release|Any CPU
		{6DAF971B-2BDA-48A3-A50A-F9E339A7DDED}.Debug|Any CPU.ActiveCfg = Debug|Any CPU
		{6DAF971B-2BDA-48A3-A50A-F9E339A7DDED}.Debug|Any CPU.Build.0 = Debug|Any CPU
		{6DAF971B-2BDA-48A3-A50A-F9E339A7DDED}.Release|Any CPU.ActiveCfg = Release|Any CPU
		{6DAF971B-2BDA-48A3-A50A-F9E339A7DDED}.Release|Any CPU.Build.0 = Release|Any CPU
		{2094E644-25D7-4277-9205-B2FA568277B2}.Debug|Any CPU.ActiveCfg = Debug|Any CPU
		{2094E644-25D7-4277-9205-B2FA568277B2}.Debug|Any CPU.Build.0 = Debug|Any CPU
		{2094E644-25D7-4277-9205-B2FA568277B2}.Release|Any CPU.ActiveCfg = Release|Any CPU
		{2094E644-25D7-4277-9205-B2FA568277B2}.Release|Any CPU.Build.0 = Release|Any CPU
		{7F3D75A6-8698-45CF-B344-3547CC12FAF2}.Debug|Any CPU.ActiveCfg = Debug|Any CPU
		{7F3D75A6-8698-45CF-B344-3547CC12FAF2}.Debug|Any CPU.Build.0 = Debug|Any CPU
		{7F3D75A6-8698-45CF-B344-3547CC12FAF2}.Release|Any CPU.ActiveCfg = Release|Any CPU
		{7F3D75A6-8698-45CF-B344-3547CC12FAF2}.Release|Any CPU.Build.0 = Release|Any CPU
		{697EEA83-4F42-438D-A6AB-94DC83B5886D}.Debug|Any CPU.ActiveCfg = Debug|Any CPU
		{697EEA83-4F42-438D-A6AB-94DC83B5886D}.Debug|Any CPU.Build.0 = Debug|Any CPU
		{697EEA83-4F42-438D-A6AB-94DC83B5886D}.Release|Any CPU.ActiveCfg = Release|Any CPU
		{697EEA83-4F42-438D-A6AB-94DC83B5886D}.Release|Any CPU.Build.0 = Release|Any CPU
		{AE361D92-713A-42C2-8BBA-2D6922BCFEEF}.Debug|Any CPU.ActiveCfg = Debug|Any CPU
		{AE361D92-713A-42C2-8BBA-2D6922BCFEEF}.Debug|Any CPU.Build.0 = Debug|Any CPU
		{AE361D92-713A-42C2-8BBA-2D6922BCFEEF}.Release|Any CPU.ActiveCfg = Release|Any CPU
		{AE361D92-713A-42C2-8BBA-2D6922BCFEEF}.Release|Any CPU.Build.0 = Release|Any CPU
		{E8D0F2A9-7CF7-49A4-91DA-09DB323ADEEB}.Debug|Any CPU.ActiveCfg = Debug|Any CPU
		{E8D0F2A9-7CF7-49A4-91DA-09DB323ADEEB}.Debug|Any CPU.Build.0 = Debug|Any CPU
		{E8D0F2A9-7CF7-49A4-91DA-09DB323ADEEB}.Release|Any CPU.ActiveCfg = Release|Any CPU
		{E8D0F2A9-7CF7-49A4-91DA-09DB323ADEEB}.Release|Any CPU.Build.0 = Release|Any CPU
		{45E820C5-87C3-4B9B-BE6C-A9ADC5B327C6}.Debug|Any CPU.ActiveCfg = Debug|Any CPU
		{45E820C5-87C3-4B9B-BE6C-A9ADC5B327C6}.Debug|Any CPU.Build.0 = Debug|Any CPU
		{45E820C5-87C3-4B9B-BE6C-A9ADC5B327C6}.Release|Any CPU.ActiveCfg = Release|Any CPU
		{45E820C5-87C3-4B9B-BE6C-A9ADC5B327C6}.Release|Any CPU.Build.0 = Release|Any CPU
		{BA692E28-FA1E-42A8-AFAC-2D78E4B81441}.Debug|Any CPU.ActiveCfg = Debug|Any CPU
		{BA692E28-FA1E-42A8-AFAC-2D78E4B81441}.Debug|Any CPU.Build.0 = Debug|Any CPU
		{BA692E28-FA1E-42A8-AFAC-2D78E4B81441}.Release|Any CPU.ActiveCfg = Release|Any CPU
		{BA692E28-FA1E-42A8-AFAC-2D78E4B81441}.Release|Any CPU.Build.0 = Release|Any CPU
		{5C809FD5-8936-4614-9656-1E9C161761C4}.Debug|Any CPU.ActiveCfg = Debug|Any CPU
		{5C809FD5-8936-4614-9656-1E9C161761C4}.Debug|Any CPU.Build.0 = Debug|Any CPU
		{5C809FD5-8936-4614-9656-1E9C161761C4}.Release|Any CPU.ActiveCfg = Release|Any CPU
		{5C809FD5-8936-4614-9656-1E9C161761C4}.Release|Any CPU.Build.0 = Release|Any CPU
		{8B98D937-B65E-4900-82B0-A4F06D6E7476}.Debug|Any CPU.ActiveCfg = Debug|Any CPU
		{8B98D937-B65E-4900-82B0-A4F06D6E7476}.Debug|Any CPU.Build.0 = Debug|Any CPU
		{8B98D937-B65E-4900-82B0-A4F06D6E7476}.Release|Any CPU.ActiveCfg = Release|Any CPU
		{8B98D937-B65E-4900-82B0-A4F06D6E7476}.Release|Any CPU.Build.0 = Release|Any CPU
		{365A7342-73FA-45B6-AF5E-33A4475E6D89}.Debug|Any CPU.ActiveCfg = Debug|Any CPU
		{365A7342-73FA-45B6-AF5E-33A4475E6D89}.Debug|Any CPU.Build.0 = Debug|Any CPU
		{365A7342-73FA-45B6-AF5E-33A4475E6D89}.Release|Any CPU.ActiveCfg = Release|Any CPU
		{365A7342-73FA-45B6-AF5E-33A4475E6D89}.Release|Any CPU.Build.0 = Release|Any CPU
		{7BCF8D2C-02B8-442B-B9DF-1A38EF2CC1BD}.Debug|Any CPU.ActiveCfg = Debug|Any CPU
		{7BCF8D2C-02B8-442B-B9DF-1A38EF2CC1BD}.Debug|Any CPU.Build.0 = Debug|Any CPU
		{7BCF8D2C-02B8-442B-B9DF-1A38EF2CC1BD}.Release|Any CPU.ActiveCfg = Release|Any CPU
		{7BCF8D2C-02B8-442B-B9DF-1A38EF2CC1BD}.Release|Any CPU.Build.0 = Release|Any CPU
		{D99DF337-139D-4039-8DF5-884D8F516831}.Debug|Any CPU.ActiveCfg = Debug|Any CPU
		{D99DF337-139D-4039-8DF5-884D8F516831}.Debug|Any CPU.Build.0 = Debug|Any CPU
		{D99DF337-139D-4039-8DF5-884D8F516831}.Release|Any CPU.ActiveCfg = Release|Any CPU
		{D99DF337-139D-4039-8DF5-884D8F516831}.Release|Any CPU.Build.0 = Release|Any CPU
		{A5DB0290-52D7-4110-8BAD-B25F6087E631}.Debug|Any CPU.ActiveCfg = Debug|Any CPU
		{A5DB0290-52D7-4110-8BAD-B25F6087E631}.Debug|Any CPU.Build.0 = Debug|Any CPU
		{A5DB0290-52D7-4110-8BAD-B25F6087E631}.Release|Any CPU.ActiveCfg = Release|Any CPU
		{A5DB0290-52D7-4110-8BAD-B25F6087E631}.Release|Any CPU.Build.0 = Release|Any CPU
		{3F95CF71-8CFF-40B1-B32E-73E65566F237}.Debug|Any CPU.ActiveCfg = Debug|Any CPU
		{3F95CF71-8CFF-40B1-B32E-73E65566F237}.Debug|Any CPU.Build.0 = Debug|Any CPU
		{3F95CF71-8CFF-40B1-B32E-73E65566F237}.Release|Any CPU.ActiveCfg = Release|Any CPU
		{3F95CF71-8CFF-40B1-B32E-73E65566F237}.Release|Any CPU.Build.0 = Release|Any CPU
		{6C6C30DA-1D5A-4FBC-87C2-E56A602FCD3B}.Debug|Any CPU.ActiveCfg = Debug|Any CPU
		{6C6C30DA-1D5A-4FBC-87C2-E56A602FCD3B}.Debug|Any CPU.Build.0 = Debug|Any CPU
		{6C6C30DA-1D5A-4FBC-87C2-E56A602FCD3B}.Release|Any CPU.ActiveCfg = Release|Any CPU
		{6C6C30DA-1D5A-4FBC-87C2-E56A602FCD3B}.Release|Any CPU.Build.0 = Release|Any CPU
		{B3CF0F66-6FF2-4024-8CB1-359ED691256C}.Debug|Any CPU.ActiveCfg = Debug|Any CPU
		{B3CF0F66-6FF2-4024-8CB1-359ED691256C}.Debug|Any CPU.Build.0 = Debug|Any CPU
		{B3CF0F66-6FF2-4024-8CB1-359ED691256C}.Release|Any CPU.ActiveCfg = Release|Any CPU
		{B3CF0F66-6FF2-4024-8CB1-359ED691256C}.Release|Any CPU.Build.0 = Release|Any CPU
		{DDCCB217-939C-4E8C-9C18-3C5BCEB95676}.Debug|Any CPU.ActiveCfg = Debug|Any CPU
		{DDCCB217-939C-4E8C-9C18-3C5BCEB95676}.Debug|Any CPU.Build.0 = Debug|Any CPU
		{DDCCB217-939C-4E8C-9C18-3C5BCEB95676}.Release|Any CPU.ActiveCfg = Release|Any CPU
		{DDCCB217-939C-4E8C-9C18-3C5BCEB95676}.Release|Any CPU.Build.0 = Release|Any CPU
		{3FC80168-7489-4B8C-B8B3-5F8196F40F59}.Debug|Any CPU.ActiveCfg = Debug|Any CPU
		{3FC80168-7489-4B8C-B8B3-5F8196F40F59}.Debug|Any CPU.Build.0 = Debug|Any CPU
		{3FC80168-7489-4B8C-B8B3-5F8196F40F59}.Release|Any CPU.ActiveCfg = Release|Any CPU
		{3FC80168-7489-4B8C-B8B3-5F8196F40F59}.Release|Any CPU.Build.0 = Release|Any CPU
		{ED4BC764-D6C0-4F2A-AD54-8915E3133078}.Debug|Any CPU.ActiveCfg = Debug|Any CPU
		{ED4BC764-D6C0-4F2A-AD54-8915E3133078}.Debug|Any CPU.Build.0 = Debug|Any CPU
		{ED4BC764-D6C0-4F2A-AD54-8915E3133078}.Release|Any CPU.ActiveCfg = Release|Any CPU
		{ED4BC764-D6C0-4F2A-AD54-8915E3133078}.Release|Any CPU.Build.0 = Release|Any CPU
		{677735DE-2F48-4DA2-9CD5-57C3DF90A9BF}.Debug|Any CPU.ActiveCfg = Debug|Any CPU
		{677735DE-2F48-4DA2-9CD5-57C3DF90A9BF}.Debug|Any CPU.Build.0 = Debug|Any CPU
		{677735DE-2F48-4DA2-9CD5-57C3DF90A9BF}.Release|Any CPU.ActiveCfg = Release|Any CPU
		{677735DE-2F48-4DA2-9CD5-57C3DF90A9BF}.Release|Any CPU.Build.0 = Release|Any CPU
		{D19B65A9-95F2-4DCC-879E-DB5E7B64CC82}.Debug|Any CPU.ActiveCfg = Debug|Any CPU
		{D19B65A9-95F2-4DCC-879E-DB5E7B64CC82}.Debug|Any CPU.Build.0 = Debug|Any CPU
		{D19B65A9-95F2-4DCC-879E-DB5E7B64CC82}.Release|Any CPU.ActiveCfg = Release|Any CPU
		{D19B65A9-95F2-4DCC-879E-DB5E7B64CC82}.Release|Any CPU.Build.0 = Release|Any CPU
		{0B7D1E68-9607-45C1-A8F0-23CC625BBC7F}.Debug|Any CPU.ActiveCfg = Debug|Any CPU
		{0B7D1E68-9607-45C1-A8F0-23CC625BBC7F}.Debug|Any CPU.Build.0 = Debug|Any CPU
		{0B7D1E68-9607-45C1-A8F0-23CC625BBC7F}.Release|Any CPU.ActiveCfg = Release|Any CPU
		{0B7D1E68-9607-45C1-A8F0-23CC625BBC7F}.Release|Any CPU.Build.0 = Release|Any CPU
		{7EB286ED-1FC2-44FB-BE8F-4E6BCA64FC8C}.Debug|Any CPU.ActiveCfg = Debug|Any CPU
		{7EB286ED-1FC2-44FB-BE8F-4E6BCA64FC8C}.Debug|Any CPU.Build.0 = Debug|Any CPU
		{7EB286ED-1FC2-44FB-BE8F-4E6BCA64FC8C}.Release|Any CPU.ActiveCfg = Release|Any CPU
		{7EB286ED-1FC2-44FB-BE8F-4E6BCA64FC8C}.Release|Any CPU.Build.0 = Release|Any CPU
		{668D1173-1E21-4E7D-AB5C-CFDA8EA2CE40}.Debug|Any CPU.ActiveCfg = Debug|Any CPU
		{668D1173-1E21-4E7D-AB5C-CFDA8EA2CE40}.Debug|Any CPU.Build.0 = Debug|Any CPU
		{668D1173-1E21-4E7D-AB5C-CFDA8EA2CE40}.Release|Any CPU.ActiveCfg = Release|Any CPU
		{668D1173-1E21-4E7D-AB5C-CFDA8EA2CE40}.Release|Any CPU.Build.0 = Release|Any CPU
		{9464E215-4E88-4C77-8C19-EE03C0048E99}.Debug|Any CPU.ActiveCfg = Debug|Any CPU
		{9464E215-4E88-4C77-8C19-EE03C0048E99}.Debug|Any CPU.Build.0 = Debug|Any CPU
		{9464E215-4E88-4C77-8C19-EE03C0048E99}.Release|Any CPU.ActiveCfg = Release|Any CPU
		{9464E215-4E88-4C77-8C19-EE03C0048E99}.Release|Any CPU.Build.0 = Release|Any CPU
		{C564BD11-715C-488C-9BE5-7139EC8641BA}.Debug|Any CPU.ActiveCfg = Debug|Any CPU
		{C564BD11-715C-488C-9BE5-7139EC8641BA}.Debug|Any CPU.Build.0 = Debug|Any CPU
		{C564BD11-715C-488C-9BE5-7139EC8641BA}.Release|Any CPU.ActiveCfg = Release|Any CPU
		{C564BD11-715C-488C-9BE5-7139EC8641BA}.Release|Any CPU.Build.0 = Release|Any CPU
		{272B135A-A4B0-4FC2-8730-85F327607507}.Debug|Any CPU.ActiveCfg = Debug|Any CPU
		{272B135A-A4B0-4FC2-8730-85F327607507}.Debug|Any CPU.Build.0 = Debug|Any CPU
		{272B135A-A4B0-4FC2-8730-85F327607507}.Release|Any CPU.ActiveCfg = Release|Any CPU
		{272B135A-A4B0-4FC2-8730-85F327607507}.Release|Any CPU.Build.0 = Release|Any CPU
		{F10C3FDE-2F5F-491D-B9A5-F669E0C0551A}.Debug|Any CPU.ActiveCfg = Debug|Any CPU
		{F10C3FDE-2F5F-491D-B9A5-F669E0C0551A}.Debug|Any CPU.Build.0 = Debug|Any CPU
		{F10C3FDE-2F5F-491D-B9A5-F669E0C0551A}.Release|Any CPU.ActiveCfg = Release|Any CPU
		{F10C3FDE-2F5F-491D-B9A5-F669E0C0551A}.Release|Any CPU.Build.0 = Release|Any CPU
		{D03DEBF2-D9AC-4100-9764-AE6909E384BD}.Debug|Any CPU.ActiveCfg = Debug|Any CPU
		{D03DEBF2-D9AC-4100-9764-AE6909E384BD}.Debug|Any CPU.Build.0 = Debug|Any CPU
		{D03DEBF2-D9AC-4100-9764-AE6909E384BD}.Release|Any CPU.ActiveCfg = Release|Any CPU
		{D03DEBF2-D9AC-4100-9764-AE6909E384BD}.Release|Any CPU.Build.0 = Release|Any CPU
		{CE668E47-F40F-4D47-B798-A8D17426AA95}.Debug|Any CPU.ActiveCfg = Debug|Any CPU
		{CE668E47-F40F-4D47-B798-A8D17426AA95}.Debug|Any CPU.Build.0 = Debug|Any CPU
		{CE668E47-F40F-4D47-B798-A8D17426AA95}.Release|Any CPU.ActiveCfg = Release|Any CPU
		{CE668E47-F40F-4D47-B798-A8D17426AA95}.Release|Any CPU.Build.0 = Release|Any CPU
		{50AAC063-CF20-4D3D-A0BE-7FFEA0604709}.Debug|Any CPU.ActiveCfg = Debug|Any CPU
		{50AAC063-CF20-4D3D-A0BE-7FFEA0604709}.Debug|Any CPU.Build.0 = Debug|Any CPU
		{50AAC063-CF20-4D3D-A0BE-7FFEA0604709}.Release|Any CPU.ActiveCfg = Release|Any CPU
		{50AAC063-CF20-4D3D-A0BE-7FFEA0604709}.Release|Any CPU.Build.0 = Release|Any CPU
	EndGlobalSection
	GlobalSection(SolutionProperties) = preSolution
		HideSolutionNode = FALSE
	EndGlobalSection
	GlobalSection(NestedProjects) = preSolution
		{EC837AF1-10C5-46BD-8DA5-8D31482A1705} = {47C8FBEF-DEB9-4DE0-AB74-674523F2EF1B}
		{EF9C997E-EF63-48D3-8AF2-403AFAFFB0D1} = {47C8FBEF-DEB9-4DE0-AB74-674523F2EF1B}
		{5F9CF5D8-72EF-4BD8-B1AF-2C59C84AC98E} = {47C8FBEF-DEB9-4DE0-AB74-674523F2EF1B}
		{6DAF971B-2BDA-48A3-A50A-F9E339A7DDED} = {9FE82CE9-44BA-4B35-9A4C-672A12E57305}
		{2094E644-25D7-4277-9205-B2FA568277B2} = {060BBB5B-D87C-4507-B639-1CEBBD0FC2E4}
		{7F3D75A6-8698-45CF-B344-3547CC12FAF2} = {060BBB5B-D87C-4507-B639-1CEBBD0FC2E4}
		{697EEA83-4F42-438D-A6AB-94DC83B5886D} = {060BBB5B-D87C-4507-B639-1CEBBD0FC2E4}
		{AE361D92-713A-42C2-8BBA-2D6922BCFEEF} = {060BBB5B-D87C-4507-B639-1CEBBD0FC2E4}
		{E8D0F2A9-7CF7-49A4-91DA-09DB323ADEEB} = {060BBB5B-D87C-4507-B639-1CEBBD0FC2E4}
		{45E820C5-87C3-4B9B-BE6C-A9ADC5B327C6} = {060BBB5B-D87C-4507-B639-1CEBBD0FC2E4}
		{BA692E28-FA1E-42A8-AFAC-2D78E4B81441} = {060BBB5B-D87C-4507-B639-1CEBBD0FC2E4}
		{5C809FD5-8936-4614-9656-1E9C161761C4} = {060BBB5B-D87C-4507-B639-1CEBBD0FC2E4}
		{8B98D937-B65E-4900-82B0-A4F06D6E7476} = {060BBB5B-D87C-4507-B639-1CEBBD0FC2E4}
		{365A7342-73FA-45B6-AF5E-33A4475E6D89} = {060BBB5B-D87C-4507-B639-1CEBBD0FC2E4}
		{7BCF8D2C-02B8-442B-B9DF-1A38EF2CC1BD} = {060BBB5B-D87C-4507-B639-1CEBBD0FC2E4}
		{D99DF337-139D-4039-8DF5-884D8F516831} = {B7ADAFB4-4FD8-471D-A26A-8C72AAEFA86E}
		{A5DB0290-52D7-4110-8BAD-B25F6087E631} = {B7ADAFB4-4FD8-471D-A26A-8C72AAEFA86E}
		{3F95CF71-8CFF-40B1-B32E-73E65566F237} = {B7ADAFB4-4FD8-471D-A26A-8C72AAEFA86E}
		{6C6C30DA-1D5A-4FBC-87C2-E56A602FCD3B} = {B7ADAFB4-4FD8-471D-A26A-8C72AAEFA86E}
		{B3CF0F66-6FF2-4024-8CB1-359ED691256C} = {B7ADAFB4-4FD8-471D-A26A-8C72AAEFA86E}
		{DDCCB217-939C-4E8C-9C18-3C5BCEB95676} = {B7ADAFB4-4FD8-471D-A26A-8C72AAEFA86E}
		{3FC80168-7489-4B8C-B8B3-5F8196F40F59} = {B7ADAFB4-4FD8-471D-A26A-8C72AAEFA86E}
		{ED4BC764-D6C0-4F2A-AD54-8915E3133078} = {B7ADAFB4-4FD8-471D-A26A-8C72AAEFA86E}
		{677735DE-2F48-4DA2-9CD5-57C3DF90A9BF} = {B7ADAFB4-4FD8-471D-A26A-8C72AAEFA86E}
		{D19B65A9-95F2-4DCC-879E-DB5E7B64CC82} = {B7ADAFB4-4FD8-471D-A26A-8C72AAEFA86E}
		{0B7D1E68-9607-45C1-A8F0-23CC625BBC7F} = {7DFEFF57-3718-4DD0-815B-2803142DEB20}
		{7EB286ED-1FC2-44FB-BE8F-4E6BCA64FC8C} = {7DFEFF57-3718-4DD0-815B-2803142DEB20}
		{668D1173-1E21-4E7D-AB5C-CFDA8EA2CE40} = {7DFEFF57-3718-4DD0-815B-2803142DEB20}
		{9464E215-4E88-4C77-8C19-EE03C0048E99} = {7DFEFF57-3718-4DD0-815B-2803142DEB20}
		{C564BD11-715C-488C-9BE5-7139EC8641BA} = {7DFEFF57-3718-4DD0-815B-2803142DEB20}
		{272B135A-A4B0-4FC2-8730-85F327607507} = {7DFEFF57-3718-4DD0-815B-2803142DEB20}
		{F10C3FDE-2F5F-491D-B9A5-F669E0C0551A} = {7DFEFF57-3718-4DD0-815B-2803142DEB20}
		{D03DEBF2-D9AC-4100-9764-AE6909E384BD} = {7DFEFF57-3718-4DD0-815B-2803142DEB20}
		{CE668E47-F40F-4D47-B798-A8D17426AA95} = {5A0B638C-D049-4E94-A57A-E9F8CC2490E3}
		{50AAC063-CF20-4D3D-A0BE-7FFEA0604709} = {5A0B638C-D049-4E94-A57A-E9F8CC2490E3}
	EndGlobalSection
	GlobalSection(ExtensibilityGlobals) = postSolution
		SolutionGuid = {24423649-7348-47DE-B498-3C2E929729C9}
	EndGlobalSection
EndGlobal
